// !$*UTF8*$!
{
	archiveVersion = 1;
	classes = {
	};
	objectVersion = 46;
	objects = {

/* Begin PBXBuildFile section */
		2B5EB63C1FD73850003EB4B7 /* EmotionsViewController.swift in Sources */ = {isa = PBXBuildFile; fileRef = 2B5EB63B1FD73850003EB4B7 /* EmotionsViewController.swift */; };
		2BBC680E1FDD935B0008E543 /* VCLLLoggingViewController.swift in Sources */ = {isa = PBXBuildFile; fileRef = 2BBC680D1FDD935B0008E543 /* VCLLLoggingViewController.swift */; };
		2BE731511FC5E04C00BFFC46 /* AppDelegate.swift in Sources */ = {isa = PBXBuildFile; fileRef = 2BE731501FC5E04C00BFFC46 /* AppDelegate.swift */; };
		2BE731531FC5E04C00BFFC46 /* FaceViewController.swift in Sources */ = {isa = PBXBuildFile; fileRef = 2BE731521FC5E04C00BFFC46 /* FaceViewController.swift */; };
		2BE731561FC5E04C00BFFC46 /* Main.storyboard in Resources */ = {isa = PBXBuildFile; fileRef = 2BE731541FC5E04C00BFFC46 /* Main.storyboard */; };
		2BE731581FC5E04C00BFFC46 /* Assets.xcassets in Resources */ = {isa = PBXBuildFile; fileRef = 2BE731571FC5E04C00BFFC46 /* Assets.xcassets */; };
		2BE7315B1FC5E04C00BFFC46 /* LaunchScreen.storyboard in Resources */ = {isa = PBXBuildFile; fileRef = 2BE731591FC5E04C00BFFC46 /* LaunchScreen.storyboard */; };
		2BE731651FC5E1AD00BFFC46 /* FaceView.swift in Sources */ = {isa = PBXBuildFile; fileRef = 2BE731641FC5E1AD00BFFC46 /* FaceView.swift */; };
		2BE731671FC70D7000BFFC46 /* FacialExpression.swift in Sources */ = {isa = PBXBuildFile; fileRef = 2BE731661FC70D7000BFFC46 /* FacialExpression.swift */; };
/* End PBXBuildFile section */

/* Begin PBXFileReference section */
		2B5EB63B1FD73850003EB4B7 /* EmotionsViewController.swift */ = {isa = PBXFileReference; fileEncoding = 4; lastKnownFileType = sourcecode.swift; path = EmotionsViewController.swift; sourceTree = "<group>"; };
		2BBC680D1FDD935B0008E543 /* VCLLLoggingViewController.swift */ = {isa = PBXFileReference; fileEncoding = 4; lastKnownFileType = sourcecode.swift; path = VCLLLoggingViewController.swift; sourceTree = "<group>"; };
		2BE7314D1FC5E04C00BFFC46 /* Faceit.app */ = {isa = PBXFileReference; explicitFileType = wrapper.application; includeInIndex = 0; path = Faceit.app; sourceTree = BUILT_PRODUCTS_DIR; };
		2BE731501FC5E04C00BFFC46 /* AppDelegate.swift */ = {isa = PBXFileReference; lastKnownFileType = sourcecode.swift; path = AppDelegate.swift; sourceTree = "<group>"; };
		2BE731521FC5E04C00BFFC46 /* FaceViewController.swift */ = {isa = PBXFileReference; lastKnownFileType = sourcecode.swift; path = FaceViewController.swift; sourceTree = "<group>"; };
		2BE731551FC5E04C00BFFC46 /* Base */ = {isa = PBXFileReference; lastKnownFileType = file.storyboard; name = Base; path = Base.lproj/Main.storyboard; sourceTree = "<group>"; };
		2BE731571FC5E04C00BFFC46 /* Assets.xcassets */ = {isa = PBXFileReference; lastKnownFileType = folder.assetcatalog; path = Assets.xcassets; sourceTree = "<group>"; };
		2BE7315A1FC5E04C00BFFC46 /* Base */ = {isa = PBXFileReference; lastKnownFileType = file.storyboard; name = Base; path = Base.lproj/LaunchScreen.storyboard; sourceTree = "<group>"; };
		2BE7315C1FC5E04C00BFFC46 /* Info.plist */ = {isa = PBXFileReference; lastKnownFileType = text.plist.xml; path = Info.plist; sourceTree = "<group>"; };
		2BE731641FC5E1AD00BFFC46 /* FaceView.swift */ = {isa = PBXFileReference; fileEncoding = 4; lastKnownFileType = sourcecode.swift; path = FaceView.swift; sourceTree = "<group>"; };
		2BE731661FC70D7000BFFC46 /* FacialExpression.swift */ = {isa = PBXFileReference; fileEncoding = 4; lastKnownFileType = sourcecode.swift; path = FacialExpression.swift; sourceTree = "<group>"; };
/* End PBXFileReference section */

/* Begin PBXFrameworksBuildPhase section */
		2BE7314A1FC5E04C00BFFC46 /* Frameworks */ = {
			isa = PBXFrameworksBuildPhase;
			buildActionMask = 2147483647;
			files = (
			);
			runOnlyForDeploymentPostprocessing = 0;
		};
/* End PBXFrameworksBuildPhase section */

/* Begin PBXGroup section */
		2BE731441FC5E04B00BFFC46 = {
			isa = PBXGroup;
			children = (
				2BE7314F1FC5E04C00BFFC46 /* Faceit */,
				2BE7314E1FC5E04C00BFFC46 /* Products */,
			);
			sourceTree = "<group>";
		};
		2BE7314E1FC5E04C00BFFC46 /* Products */ = {
			isa = PBXGroup;
			children = (
				2BE7314D1FC5E04C00BFFC46 /* Faceit.app */,
			);
			name = Products;
			sourceTree = "<group>";
		};
		2BE7314F1FC5E04C00BFFC46 /* Faceit */ = {
			isa = PBXGroup;
			children = (
				2B5EB63B1FD73850003EB4B7 /* EmotionsViewController.swift */,
				2BE731521FC5E04C00BFFC46 /* FaceViewController.swift */,
				2BE731661FC70D7000BFFC46 /* FacialExpression.swift */,
				2BBC680D1FDD935B0008E543 /* VCLLLoggingViewController.swift */,
				2BE731641FC5E1AD00BFFC46 /* FaceView.swift */,
				2BE731541FC5E04C00BFFC46 /* Main.storyboard */,
				2BE731631FC5E0D800BFFC46 /* Supporting Files */,
			);
			path = Faceit;
			sourceTree = "<group>";
		};
		2BE731631FC5E0D800BFFC46 /* Supporting Files */ = {
			isa = PBXGroup;
			children = (
				2BE731501FC5E04C00BFFC46 /* AppDelegate.swift */,
				2BE731571FC5E04C00BFFC46 /* Assets.xcassets */,
				2BE731591FC5E04C00BFFC46 /* LaunchScreen.storyboard */,
				2BE7315C1FC5E04C00BFFC46 /* Info.plist */,
			);
			name = "Supporting Files";
			sourceTree = "<group>";
		};
/* End PBXGroup section */

/* Begin PBXNativeTarget section */
		2BE7314C1FC5E04C00BFFC46 /* Faceit */ = {
			isa = PBXNativeTarget;
			buildConfigurationList = 2BE7315F1FC5E04C00BFFC46 /* Build configuration list for PBXNativeTarget "Faceit" */;
			buildPhases = (
				2BE731491FC5E04C00BFFC46 /* Sources */,
				2BE7314A1FC5E04C00BFFC46 /* Frameworks */,
				2BE7314B1FC5E04C00BFFC46 /* Resources */,
			);
			buildRules = (
			);
			dependencies = (
			);
			name = Faceit;
			productName = Faceit;
			productReference = 2BE7314D1FC5E04C00BFFC46 /* Faceit.app */;
			productType = "com.apple.product-type.application";
		};
/* End PBXNativeTarget section */

/* Begin PBXProject section */
		2BE731451FC5E04B00BFFC46 /* Project object */ = {
			isa = PBXProject;
			attributes = {
				LastSwiftUpdateCheck = 0830;
				LastUpgradeCheck = 0830;
				ORGANIZATIONNAME = MarinaS;
				TargetAttributes = {
					2BE7314C1FC5E04C00BFFC46 = {
						CreatedOnToolsVersion = 8.3.3;
						ProvisioningStyle = Automatic;
					};
				};
			};
			buildConfigurationList = 2BE731481FC5E04B00BFFC46 /* Build configuration list for PBXProject "Faceit" */;
			compatibilityVersion = "Xcode 3.2";
			developmentRegion = English;
			hasScannedForEncodings = 0;
			knownRegions = (
				en,
				Base,
			);
			mainGroup = 2BE731441FC5E04B00BFFC46;
			productRefGroup = 2BE7314E1FC5E04C00BFFC46 /* Products */;
			projectDirPath = "";
			projectRoot = "";
			targets = (
				2BE7314C1FC5E04C00BFFC46 /* Faceit */,
			);
		};
/* End PBXProject section */

/* Begin PBXResourcesBuildPhase section */
		2BE7314B1FC5E04C00BFFC46 /* Resources */ = {
			isa = PBXResourcesBuildPhase;
			buildActionMask = 2147483647;
			files = (
				2BE7315B1FC5E04C00BFFC46 /* LaunchScreen.storyboard in Resources */,
				2BE731581FC5E04C00BFFC46 /* Assets.xcassets in Resources */,
				2BE731561FC5E04C00BFFC46 /* Main.storyboard in Resources */,
			);
			runOnlyForDeploymentPostprocessing = 0;
		};
/* End PBXResourcesBuildPhase section */

/* Begin PBXSourcesBuildPhase section */
		2BE731491FC5E04C00BFFC46 /* Sources */ = {
			isa = PBXSourcesBuildPhase;
			buildActionMask = 2147483647;
			files = (
				2BE731531FC5E04C00BFFC46 /* FaceViewController.swift in Sources */,
				2BE731671FC70D7000BFFC46 /* FacialExpression.swift in Sources */,
				2B5EB63C1FD73850003EB4B7 /* EmotionsViewController.swift in Sources */,
				2BE731511FC5E04C00BFFC46 /* AppDelegate.swift in Sources */,
				2BE731651FC5E1AD00BFFC46 /* FaceView.swift in Sources */,
				2BBC680E1FDD935B0008E543 /* VCLLLoggingViewController.swift in Sources */,
			);
			runOnlyForDeploymentPostprocessing = 0;
		};
/* End PBXSourcesBuildPhase section */

/* Begin PBXVariantGroup section */
		2BE731541FC5E04C00BFFC46 /* Main.storyboard */ = {
			isa = PBXVariantGroup;
			children = (
				2BE731551FC5E04C00BFFC46 /* Base */,
			);
			name = Main.storyboard;
			sourceTree = "<group>";
		};
		2BE731591FC5E04C00BFFC46 /* LaunchScreen.storyboard */ = {
			isa = PBXVariantGroup;
			children = (
				2BE7315A1FC5E04C00BFFC46 /* Base */,
			);
			name = LaunchScreen.storyboard;
			sourceTree = "<group>";
		};
/* End PBXVariantGroup section */

/* Begin XCBuildConfiguration section */
		2BE7315D1FC5E04C00BFFC46 /* Debug */ = {
			isa = XCBuildConfiguration;
			buildSettings = {
				ALWAYS_SEARCH_USER_PATHS = NO;
				CLANG_ANALYZER_NONNULL = YES;
				CLANG_ANALYZER_NUMBER_OBJECT_CONVERSION = YES_AGGRESSIVE;
				CLANG_CXX_LANGUAGE_STANDARD = "gnu++0x";
				CLANG_CXX_LIBRARY = "libc++";
				CLANG_ENABLE_MODULES = YES;
				CLANG_ENABLE_OBJC_ARC = YES;
				CLANG_WARN_BOOL_CONVERSION = YES;
				CLANG_WARN_CONSTANT_CONVERSION = YES;
				CLANG_WARN_DIRECT_OBJC_ISA_USAGE = YES_ERROR;
				CLANG_WARN_DOCUMENTATION_COMMENTS = YES;
				CLANG_WARN_EMPTY_BODY = YES;
				CLANG_WARN_ENUM_CONVERSION = YES;
				CLANG_WARN_INFINITE_RECURSION = YES;
				CLANG_WARN_INT_CONVERSION = YES;
				CLANG_WARN_OBJC_ROOT_CLASS = YES_ERROR;
				CLANG_WARN_SUSPICIOUS_MOVE = YES;
				CLANG_WARN_UNREACHABLE_CODE = YES;
				CLANG_WARN__DUPLICATE_METHOD_MATCH = YES;
				"CODE_SIGN_IDENTITY[sdk=iphoneos*]" = "iPhone Developer";
				COPY_PHASE_STRIP = NO;
				DEBUG_INFORMATION_FORMAT = dwarf;
				ENABLE_STRICT_OBJC_MSGSEND = YES;
				ENABLE_TESTABILITY = YES;
				GCC_C_LANGUAGE_STANDARD = gnu99;
				GCC_DYNAMIC_NO_PIC = NO;
				GCC_NO_COMMON_BLOCKS = YES;
				GCC_OPTIMIZATION_LEVEL = 0;
				GCC_PREPROCESSOR_DEFINITIONS = (
					"DEBUG=1",
					"$(inherited)",
				);
				GCC_WARN_64_TO_32_BIT_CONVERSION = YES;
				GCC_WARN_ABOUT_RETURN_TYPE = YES_ERROR;
				GCC_WARN_UNDECLARED_SELECTOR = YES;
				GCC_WARN_UNINITIALIZED_AUTOS = YES_AGGRESSIVE;
				GCC_WARN_UNUSED_FUNCTION = YES;
				GCC_WARN_UNUSED_VARIABLE = YES;
				IPHONEOS_DEPLOYMENT_TARGET = 10.3;
				MTL_ENABLE_DEBUG_INFO = YES;
				ONLY_ACTIVE_ARCH = YES;
				SDKROOT = iphoneos;
				SWIFT_ACTIVE_COMPILATION_CONDITIONS = DEBUG;
				SWIFT_OPTIMIZATION_LEVEL = "-Onone";
				TARGETED_DEVICE_FAMILY = "1,2";
			};
			name = Debug;
		};
		2BE7315E1FC5E04C00BFFC46 /* Release */ = {
			isa = XCBuildConfiguration;
			buildSettings = {
				ALWAYS_SEARCH_USER_PATHS = NO;
				CLANG_ANALYZER_NONNULL = YES;
				CLANG_ANALYZER_NUMBER_OBJECT_CONVERSION = YES_AGGRESSIVE;
				CLANG_CXX_LANGUAGE_STANDARD = "gnu++0x";
				CLANG_CXX_LIBRARY = "libc++";
				CLANG_ENABLE_MODULES = YES;
				CLANG_ENABLE_OBJC_ARC = YES;
				CLANG_WARN_BOOL_CONVERSION = YES;
				CLANG_WARN_CONSTANT_CONVERSION = YES;
				CLANG_WARN_DIRECT_OBJC_ISA_USAGE = YES_ERROR;
				CLANG_WARN_DOCUMENTATION_COMMENTS = YES;
				CLANG_WARN_EMPTY_BODY = YES;
				CLANG_WARN_ENUM_CONVERSION = YES;
				CLANG_WARN_INFINITE_RECURSION = YES;
				CLANG_WARN_INT_CONVERSION = YES;
				CLANG_WARN_OBJC_ROOT_CLASS = YES_ERROR;
				CLANG_WARN_SUSPICIOUS_MOVE = YES;
				CLANG_WARN_UNREACHABLE_CODE = YES;
				CLANG_WARN__DUPLICATE_METHOD_MATCH = YES;
				"CODE_SIGN_IDENTITY[sdk=iphoneos*]" = "iPhone Developer";
				COPY_PHASE_STRIP = NO;
				DEBUG_INFORMATION_FORMAT = "dwarf-with-dsym";
				ENABLE_NS_ASSERTIONS = NO;
				ENABLE_STRICT_OBJC_MSGSEND = YES;
				GCC_C_LANGUAGE_STANDARD = gnu99;
				GCC_NO_COMMON_BLOCKS = YES;
				GCC_WARN_64_TO_32_BIT_CONVERSION = YES;
				GCC_WARN_ABOUT_RETURN_TYPE = YES_ERROR;
				GCC_WARN_UNDECLARED_SELECTOR = YES;
				GCC_WARN_UNINITIALIZED_AUTOS = YES_AGGRESSIVE;
				GCC_WARN_UNUSED_FUNCTION = YES;
				GCC_WARN_UNUSED_VARIABLE = YES;
				IPHONEOS_DEPLOYMENT_TARGET = 10.3;
				MTL_ENABLE_DEBUG_INFO = NO;
				SDKROOT = iphoneos;
				SWIFT_OPTIMIZATION_LEVEL = "-Owholemodule";
				TARGETED_DEVICE_FAMILY = "1,2";
				VALIDATE_PRODUCT = YES;
			};
			name = Release;
		};
		2BE731601FC5E04C00BFFC46 /* Debug */ = {
			isa = XCBuildConfiguration;
			buildSettings = {
				ASSETCATALOG_COMPILER_APPICON_NAME = AppIcon;
				INFOPLIST_FILE = Faceit/Info.plist;
				LD_RUNPATH_SEARCH_PATHS = "$(inherited) @executable_path/Frameworks";
				PRODUCT_BUNDLE_IDENTIFIER = "-23.Faceit";
				PRODUCT_NAME = "$(TARGET_NAME)";
				SWIFT_VERSION = 3.0;
			};
			name = Debug;
		};
		2BE731611FC5E04C00BFFC46 /* Release */ = {
			isa = XCBuildConfiguration;
			buildSettings = {
				ASSETCATALOG_COMPILER_APPICON_NAME = AppIcon;
				INFOPLIST_FILE = Faceit/Info.plist;
				LD_RUNPATH_SEARCH_PATHS = "$(inherited) @executable_path/Frameworks";
				PRODUCT_BUNDLE_IDENTIFIER = "-23.Faceit";
				PRODUCT_NAME = "$(TARGET_NAME)";
				SWIFT_VERSION = 3.0;
			};
			name = Release;
		};
/* End XCBuildConfiguration section */

/* Begin XCConfigurationList section */
		2BE731481FC5E04B00BFFC46 /* Build configuration list for PBXProject "Faceit" */ = {
			isa = XCConfigurationList;
			buildConfigurations = (
				2BE7315D1FC5E04C00BFFC46 /* Debug */,
				2BE7315E1FC5E04C00BFFC46 /* Release */,
			);
			defaultConfigurationIsVisible = 0;
			defaultConfigurationName = Release;
		};
		2BE7315F1FC5E04C00BFFC46 /* Build configuration list for PBXNativeTarget "Faceit" */ = {
			isa = XCConfigurationList;
			buildConfigurations = (
				2BE731601FC5E04C00BFFC46 /* Debug */,
				2BE731611FC5E04C00BFFC46 /* Release */,
			);
			defaultConfigurationIsVisible = 0;
			defaultConfigurationName = Release;
		};
/* End XCConfigurationList section */
	};
	rootObject = 2BE731451FC5E04B00BFFC46 /* Project object */;
}
